
Microsoft Visual Studio Solution File, Format Version 12.00
# Visual Studio Version 17
VisualStudioVersion = 17.4.33213.308
MinimumVisualStudioVersion = 10.0.40219.1
Project("{FAE04EC0-301F-11D3-BF4B-00C04F79EFBC}") = "Matraberc", "Matraberc\Matraberc.csproj", "{908D7420-D9DC-4D74-A3ED-8E30EFF36DE8}"
EndProject
Global
	GlobalSection(SolutionConfigurationPlatforms) = preSolution
		Debug|Any CPU = Debug|Any CPU
		Release|Any CPU = Release|Any CPU
	EndGlobalSection
	GlobalSection(ProjectConfigurationPlatforms) = postSolution
		{908D7420-D9DC-4D74-A3ED-8E30EFF36DE8}.Debug|Any CPU.ActiveCfg = Debug|Any CPU
		{908D7420-D9DC-4D74-A3ED-8E30EFF36DE8}.Debug|Any CPU.Build.0 = Debug|Any CPU
		{908D7420-D9DC-4D74-A3ED-8E30EFF36DE8}.Release|Any CPU.ActiveCfg = Release|Any CPU
		{908D7420-D9DC-4D74-A3ED-8E30EFF36DE8}.Release|Any CPU.Build.0 = Release|Any CPU
	EndGlobalSection
	GlobalSection(SolutionProperties) = preSolution
		HideSolutionNode = FALSE
	EndGlobalSection
	GlobalSection(ExtensibilityGlobals) = postSolution
		SolutionGuid = {516FBE5D-138B-4D03-81B6-56366D01A9FD}
	EndGlobalSection
EndGlobal
